
Microsoft Visual Studio Solution File, Format Version 12.00
# Visual Studio Version 16
VisualStudioVersion = 16.0.31515.178
MinimumVisualStudioVersion = 10.0.40219.1
Project("{9A19103F-16F7-4668-BE54-9A1E7A4F7556}") = "M5.BloomFilter", "M5.BloomFilter\M5.BloomFilter.csproj", "{047B2449-FB55-4E6D-9BE4-D3C3824D6335}"
EndProject
Project("{9A19103F-16F7-4668-BE54-9A1E7A4F7556}") = "M5.BloomFilter.UnitTests", "M5.BloomFilter.UnitTests\M5.BloomFilter.UnitTests.csproj", "{5BEDE460-4E30-48E8-A53F-79539FCCF514}"
EndProject
Project("{9A19103F-16F7-4668-BE54-9A1E7A4F7556}") = "M5.BitArraySerialization.Json", "M5.BitArraySerialization.Json\M5.BitArraySerialization.Json.csproj", "{257375D1-BDEC-4622-9AE9-E627C26C3AE5}"
EndProject
Project("{9A19103F-16F7-4668-BE54-9A1E7A4F7556}") = "M5.BitArraySerialization.Json.UnitTests", "M5.BitArraySerialization.Json.UnitTests\M5.BitArraySerialization.Json.UnitTests.csproj", "{68EA3F96-9CC2-4E3C-A2F1-95F3BAE280FC}"
EndProject
Project("{2150E333-8FDC-42A3-9474-1A3956D46DE8}") = "M5.BitArraySerialization", "M5.BitArraySerialization", "{A375395C-8A5A-4504-BD2B-E468D07AC0F3}"
EndProject
Project("{9A19103F-16F7-4668-BE54-9A1E7A4F7556}") = "M5.BloomFilter.Serialization.Json", "M5.BloomFilter.Serialization.Json\M5.BloomFilter.Serialization.Json.csproj", "{E609FF81-7049-46A4-BBB5-88CD89AA3F8C}"
EndProject
Project("{2150E333-8FDC-42A3-9474-1A3956D46DE8}") = "M5.BloomFilter.Serialization", "M5.BloomFilter.Serialization", "{C99DF9E5-BFDB-4322-ABE1-B50EF8C3239A}"
EndProject
Project("{D954291E-2A0B-460D-934E-DC6B0785DB48}") = "M5.BitArraySerialization.Shared", "M5.BitArraySerialization.Shared\M5.BitArraySerialization.Shared.shproj", "{C5144F97-88E9-4BDB-9FDF-CD982EED70EB}"
EndProject
Project("{9A19103F-16F7-4668-BE54-9A1E7A4F7556}") = "M5.BitArraySerialization.ProtoBuf", "M5.BitArraySerialization.ProtoBuf\M5.BitArraySerialization.ProtoBuf.csproj", "{946B671C-D71E-4384-92FE-BCEA01F74605}"
EndProject
Project("{9A19103F-16F7-4668-BE54-9A1E7A4F7556}") = "M5.BitArraySerialization.ProtoBuf.UnitTests", "M5.BitArraySerialization.ProtoBuf.UnitTests\M5.BitArraySerialization.ProtoBuf.UnitTests.csproj", "{671E4A5B-1030-4973-B4F4-A27440735E97}"
EndProject
Project("{9A19103F-16F7-4668-BE54-9A1E7A4F7556}") = "M5.BloomFilter.Serialization.ProtoBuf", "M5.BloomFilter.Serialization.ProtoBuf\M5.BloomFilter.Serialization.ProtoBuf.csproj", "{7EE65EA1-87E5-4804-81CC-BC9D0C7A1C7C}"
EndProject
Project("{FAE04EC0-301F-11D3-BF4B-00C04F79EFBC}") = "M5.BloomFilter.Serialization.UnitTests", "M5.BloomFilter.Serialization.UnitTests\M5.BloomFilter.Serialization.UnitTests.csproj", "{2A3F75F3-36BF-45D7-9C87-75B8195AA203}"
EndProject
Global
	GlobalSection(SharedMSBuildProjectFiles) = preSolution
		M5.BitArraySerialization.Shared\M5.BitArraySerialization.Shared.projitems*{257375d1-bdec-4622-9ae9-e627c26c3ae5}*SharedItemsImports = 5
		M5.BitArraySerialization.Shared\M5.BitArraySerialization.Shared.projitems*{946b671c-d71e-4384-92fe-bcea01f74605}*SharedItemsImports = 5
		M5.BitArraySerialization.Shared\M5.BitArraySerialization.Shared.projitems*{c5144f97-88e9-4bdb-9fdf-cd982eed70eb}*SharedItemsImports = 13
	EndGlobalSection
	GlobalSection(SolutionConfigurationPlatforms) = preSolution
		Debug|Any CPU = Debug|Any CPU
		Release|Any CPU = Release|Any CPU
	EndGlobalSection
	GlobalSection(ProjectConfigurationPlatforms) = postSolution
		{047B2449-FB55-4E6D-9BE4-D3C3824D6335}.Debug|Any CPU.ActiveCfg = Debug|Any CPU
		{047B2449-FB55-4E6D-9BE4-D3C3824D6335}.Debug|Any CPU.Build.0 = Debug|Any CPU
		{047B2449-FB55-4E6D-9BE4-D3C3824D6335}.Release|Any CPU.ActiveCfg = Release|Any CPU
		{047B2449-FB55-4E6D-9BE4-D3C3824D6335}.Release|Any CPU.Build.0 = Release|Any CPU
		{5BEDE460-4E30-48E8-A53F-79539FCCF514}.Debug|Any CPU.ActiveCfg = Debug|Any CPU
		{5BEDE460-4E30-48E8-A53F-79539FCCF514}.Debug|Any CPU.Build.0 = Debug|Any CPU
		{5BEDE460-4E30-48E8-A53F-79539FCCF514}.Release|Any CPU.ActiveCfg = Release|Any CPU
		{5BEDE460-4E30-48E8-A53F-79539FCCF514}.Release|Any CPU.Build.0 = Release|Any CPU
		{257375D1-BDEC-4622-9AE9-E627C26C3AE5}.Debug|Any CPU.ActiveCfg = Debug|Any CPU
		{257375D1-BDEC-4622-9AE9-E627C26C3AE5}.Debug|Any CPU.Build.0 = Debug|Any CPU
		{257375D1-BDEC-4622-9AE9-E627C26C3AE5}.Release|Any CPU.ActiveCfg = Release|Any CPU
		{257375D1-BDEC-4622-9AE9-E627C26C3AE5}.Release|Any CPU.Build.0 = Release|Any CPU
		{68EA3F96-9CC2-4E3C-A2F1-95F3BAE280FC}.Debug|Any CPU.ActiveCfg = Debug|Any CPU
		{68EA3F96-9CC2-4E3C-A2F1-95F3BAE280FC}.Debug|Any CPU.Build.0 = Debug|Any CPU
		{68EA3F96-9CC2-4E3C-A2F1-95F3BAE280FC}.Release|Any CPU.ActiveCfg = Release|Any CPU
		{68EA3F96-9CC2-4E3C-A2F1-95F3BAE280FC}.Release|Any CPU.Build.0 = Release|Any CPU
		{E609FF81-7049-46A4-BBB5-88CD89AA3F8C}.Debug|Any CPU.ActiveCfg = Debug|Any CPU
		{E609FF81-7049-46A4-BBB5-88CD89AA3F8C}.Debug|Any CPU.Build.0 = Debug|Any CPU
		{E609FF81-7049-46A4-BBB5-88CD89AA3F8C}.Release|Any CPU.ActiveCfg = Release|Any CPU
		{E609FF81-7049-46A4-BBB5-88CD89AA3F8C}.Release|Any CPU.Build.0 = Release|Any CPU
		{946B671C-D71E-4384-92FE-BCEA01F74605}.Debug|Any CPU.ActiveCfg = Debug|Any CPU
		{946B671C-D71E-4384-92FE-BCEA01F74605}.Debug|Any CPU.Build.0 = Debug|Any CPU
		{946B671C-D71E-4384-92FE-BCEA01F74605}.Release|Any CPU.ActiveCfg = Release|Any CPU
		{946B671C-D71E-4384-92FE-BCEA01F74605}.Release|Any CPU.Build.0 = Release|Any CPU
		{671E4A5B-1030-4973-B4F4-A27440735E97}.Debug|Any CPU.ActiveCfg = Debug|Any CPU
		{671E4A5B-1030-4973-B4F4-A27440735E97}.Debug|Any CPU.Build.0 = Debug|Any CPU
		{671E4A5B-1030-4973-B4F4-A27440735E97}.Release|Any CPU.ActiveCfg = Release|Any CPU
		{671E4A5B-1030-4973-B4F4-A27440735E97}.Release|Any CPU.Build.0 = Release|Any CPU
		{7EE65EA1-87E5-4804-81CC-BC9D0C7A1C7C}.Debug|Any CPU.ActiveCfg = Debug|Any CPU
		{7EE65EA1-87E5-4804-81CC-BC9D0C7A1C7C}.Debug|Any CPU.Build.0 = Debug|Any CPU
		{7EE65EA1-87E5-4804-81CC-BC9D0C7A1C7C}.Release|Any CPU.ActiveCfg = Release|Any CPU
		{7EE65EA1-87E5-4804-81CC-BC9D0C7A1C7C}.Release|Any CPU.Build.0 = Release|Any CPU
		{2A3F75F3-36BF-45D7-9C87-75B8195AA203}.Debug|Any CPU.ActiveCfg = Debug|Any CPU
		{2A3F75F3-36BF-45D7-9C87-75B8195AA203}.Debug|Any CPU.Build.0 = Debug|Any CPU
		{2A3F75F3-36BF-45D7-9C87-75B8195AA203}.Release|Any CPU.ActiveCfg = Release|Any CPU
		{2A3F75F3-36BF-45D7-9C87-75B8195AA203}.Release|Any CPU.Build.0 = Release|Any CPU
	EndGlobalSection
	GlobalSection(SolutionProperties) = preSolution
		HideSolutionNode = FALSE
	EndGlobalSection
	GlobalSection(NestedProjects) = preSolution
		{257375D1-BDEC-4622-9AE9-E627C26C3AE5} = {A375395C-8A5A-4504-BD2B-E468D07AC0F3}
		{68EA3F96-9CC2-4E3C-A2F1-95F3BAE280FC} = {A375395C-8A5A-4504-BD2B-E468D07AC0F3}
		{E609FF81-7049-46A4-BBB5-88CD89AA3F8C} = {C99DF9E5-BFDB-4322-ABE1-B50EF8C3239A}
		{C5144F97-88E9-4BDB-9FDF-CD982EED70EB} = {A375395C-8A5A-4504-BD2B-E468D07AC0F3}
		{946B671C-D71E-4384-92FE-BCEA01F74605} = {A375395C-8A5A-4504-BD2B-E468D07AC0F3}
		{671E4A5B-1030-4973-B4F4-A27440735E97} = {A375395C-8A5A-4504-BD2B-E468D07AC0F3}
		{7EE65EA1-87E5-4804-81CC-BC9D0C7A1C7C} = {C99DF9E5-BFDB-4322-ABE1-B50EF8C3239A}
		{2A3F75F3-36BF-45D7-9C87-75B8195AA203} = {C99DF9E5-BFDB-4322-ABE1-B50EF8C3239A}
	EndGlobalSection
	GlobalSection(ExtensibilityGlobals) = postSolution
		SolutionGuid = {E4E9E293-9B4A-4C3D-882E-D169524649E1}
	EndGlobalSection
EndGlobal
